// !$*UTF8*$!
{
	archiveVersion = 1;
	classes = {
	};
	objectVersion = 60;
	objects = {

/* Begin PBXBuildFile section */
		511830C22CD12CED00DF918A /* NoteList.swift in Sources */ = {isa = PBXBuildFile; fileRef = 511830C12CD12CED00DF918A /* NoteList.swift */; };
		511830C42CD12D5100DF918A /* NoteEmptyStateView.swift in Sources */ = {isa = PBXBuildFile; fileRef = 511830C32CD12D5100DF918A /* NoteEmptyStateView.swift */; };
		516CACAA2CCE3CA400762B0A /* ChartView.swift in Sources */ = {isa = PBXBuildFile; fileRef = 516CACA92CCE3CA400762B0A /* ChartView.swift */; };
		516CACAC2CCEF21400762B0A /* NoteView.swift in Sources */ = {isa = PBXBuildFile; fileRef = 516CACAB2CCEF21400762B0A /* NoteView.swift */; };
		516E7E9C2CCB6CE400741283 /* View+Placeholder.swift in Sources */ = {isa = PBXBuildFile; fileRef = 516E7E9B2CCB6CE400741283 /* View+Placeholder.swift */; };
		516E7E9E2CCB736600741283 /* TextFieldView.swift in Sources */ = {isa = PBXBuildFile; fileRef = 516E7E9D2CCB736600741283 /* TextFieldView.swift */; };
		516E7EA02CCB77C600741283 /* DateFieldView.swift in Sources */ = {isa = PBXBuildFile; fileRef = 516E7E9F2CCB77C600741283 /* DateFieldView.swift */; };
		516E7EA22CCB990400741283 /* AddNewHeaderView.swift in Sources */ = {isa = PBXBuildFile; fileRef = 516E7EA12CCB990400741283 /* AddNewHeaderView.swift */; };
		516E7EA42CCB99EF00741283 /* AddNewButtonView.swift in Sources */ = {isa = PBXBuildFile; fileRef = 516E7EA32CCB99EF00741283 /* AddNewButtonView.swift */; };
		516E7EA82CCB9B6100741283 /* BackgroundType.swift in Sources */ = {isa = PBXBuildFile; fileRef = 516E7EA72CCB9B6100741283 /* BackgroundType.swift */; };
		516E7EAA2CCB9D0400741283 /* Constants.swift in Sources */ = {isa = PBXBuildFile; fileRef = 516E7EA92CCB9D0400741283 /* Constants.swift */; };
		516E7EAC2CCBBB9400741283 /* MainFieldsView.swift in Sources */ = {isa = PBXBuildFile; fileRef = 516E7EAB2CCBBB9400741283 /* MainFieldsView.swift */; };
		516E7EAE2CCBBCCD00741283 /* DateFields.swift in Sources */ = {isa = PBXBuildFile; fileRef = 516E7EAD2CCBBCCD00741283 /* DateFields.swift */; };
		516E7EB12CCBBF7700741283 /* Localizable.strings in Resources */ = {isa = PBXBuildFile; fileRef = 516E7EAF2CCBBF7700741283 /* Localizable.strings */; };
		516E7EB32CCBBFE000741283 /* String+Localized.swift in Sources */ = {isa = PBXBuildFile; fileRef = 516E7EB22CCBBFE000741283 /* String+Localized.swift */; };
		516E7EB72CCBCED300741283 /* Measurement.swift in Sources */ = {isa = PBXBuildFile; fileRef = 516E7EB62CCBCED300741283 /* Measurement.swift */; };
		516E7EBD2CCBDC4E00741283 /* RxCocoa in Frameworks */ = {isa = PBXBuildFile; productRef = 516E7EBC2CCBDC4E00741283 /* RxCocoa */; };
		516E7EBF2CCBDC4E00741283 /* RxSwift in Frameworks */ = {isa = PBXBuildFile; productRef = 516E7EBE2CCBDC4E00741283 /* RxSwift */; };
		516E7EC12CCBDC8600741283 /* PressureOverviewViewModel.swift in Sources */ = {isa = PBXBuildFile; fileRef = 516E7EC02CCBDC8600741283 /* PressureOverviewViewModel.swift */; };
		517014EE2CC8E1850058BC9F /* Blood_pressure_levelApp.swift in Sources */ = {isa = PBXBuildFile; fileRef = 517014ED2CC8E1850058BC9F /* Blood_pressure_levelApp.swift */; };
		517014F02CC8E1850058BC9F /* PressureOverviewScreen.swift in Sources */ = {isa = PBXBuildFile; fileRef = 517014EF2CC8E1850058BC9F /* PressureOverviewScreen.swift */; };
		517014F22CC8E1860058BC9F /* Assets.xcassets in Resources */ = {isa = PBXBuildFile; fileRef = 517014F12CC8E1860058BC9F /* Assets.xcassets */; };
		517014F52CC8E1860058BC9F /* Preview Assets.xcassets in Resources */ = {isa = PBXBuildFile; fileRef = 517014F42CC8E1860058BC9F /* Preview Assets.xcassets */; };
		517014F72CC8E1860058BC9F /* Persistence.swift in Sources */ = {isa = PBXBuildFile; fileRef = 517014F62CC8E1860058BC9F /* Persistence.swift */; };
		517014FA2CC8E1860058BC9F /* Blood_pressure_level.xcdatamodeld in Sources */ = {isa = PBXBuildFile; fileRef = 517014F82CC8E1860058BC9F /* Blood_pressure_level.xcdatamodeld */; };
		517015012CC92C0F0058BC9F /* PresentationPeriod.swift in Sources */ = {isa = PBXBuildFile; fileRef = 517015002CC92C0F0058BC9F /* PresentationPeriod.swift */; };
		517015052CC930520058BC9F /* CustomSegmentContolView.swift in Sources */ = {isa = PBXBuildFile; fileRef = 517015042CC930520058BC9F /* CustomSegmentContolView.swift */; };
		5170150A2CC93A5C0058BC9F /* PresureOverviewHeaderView.swift in Sources */ = {isa = PBXBuildFile; fileRef = 517015092CC93A5C0058BC9F /* PresureOverviewHeaderView.swift */; };
		517064BD2CCFA1F600641620 /* OverlaySelectionPresenter.swift in Sources */ = {isa = PBXBuildFile; fileRef = 517064BC2CCFA1F600641620 /* OverlaySelectionPresenter.swift */; };
		517064BF2CCFC65500641620 /* PresureNoteHeader.swift in Sources */ = {isa = PBXBuildFile; fileRef = 517064BE2CCFC65500641620 /* PresureNoteHeader.swift */; };
		517738032CCD0332003CEC44 /* AddNewMeasurementViewModel.swift in Sources */ = {isa = PBXBuildFile; fileRef = 517738022CCD0332003CEC44 /* AddNewMeasurementViewModel.swift */; };
		517738052CCD0843003CEC44 /* DataStore.swift in Sources */ = {isa = PBXBuildFile; fileRef = 517738042CCD0843003CEC44 /* DataStore.swift */; };
		517738072CCD1421003CEC44 /* String+RemoveNotNumber.swift in Sources */ = {isa = PBXBuildFile; fileRef = 517738062CCD1421003CEC44 /* String+RemoveNotNumber.swift */; };
		517738092CCD40E7003CEC44 /* View+HideKeyboard.swift in Sources */ = {isa = PBXBuildFile; fileRef = 517738082CCD40E7003CEC44 /* View+HideKeyboard.swift */; };
		5191C6292CCA1E8F00AD3403 /* PressureSummaryView.swift in Sources */ = {isa = PBXBuildFile; fileRef = 5191C6282CCA1E8F00AD3403 /* PressureSummaryView.swift */; };
		5191C62B2CCA1EFB00AD3403 /* PresureNoteView.swift in Sources */ = {isa = PBXBuildFile; fileRef = 5191C62A2CCA1EFB00AD3403 /* PresureNoteView.swift */; };
		5191C62E2CCA308500AD3403 /* BackgroundView.swift in Sources */ = {isa = PBXBuildFile; fileRef = 5191C62D2CCA308500AD3403 /* BackgroundView.swift */; };
		5191C6332CCA693E00AD3403 /* OverlayTip.swift in Sources */ = {isa = PBXBuildFile; fileRef = 5191C6322CCA693E00AD3403 /* OverlayTip.swift */; };
		5191C6352CCA782300AD3403 /* Triangle.swift in Sources */ = {isa = PBXBuildFile; fileRef = 5191C6342CCA782300AD3403 /* Triangle.swift */; };
		5191C6372CCA7A6F00AD3403 /* AddNewMeasurementScreen.swift in Sources */ = {isa = PBXBuildFile; fileRef = 5191C6362CCA7A6F00AD3403 /* AddNewMeasurementScreen.swift */; };
		51934F702CD04791003349F2 /* SelectedMeasurementsInfo.swift in Sources */ = {isa = PBXBuildFile; fileRef = 51934F6F2CD04791003349F2 /* SelectedMeasurementsInfo.swift */; };
		51934F732CD080A9003349F2 /* RxRelay.swift in Sources */ = {isa = PBXBuildFile; fileRef = 51934F722CD080A9003349F2 /* RxRelay.swift */; };
		51934F752CD0817E003349F2 /* SubscriptionsManager.swift in Sources */ = {isa = PBXBuildFile; fileRef = 51934F742CD0817E003349F2 /* SubscriptionsManager.swift */; };
		51C95D982CD0538B0054B405 /* NoteFieldView.swift in Sources */ = {isa = PBXBuildFile; fileRef = 51C95D972CD0538B0054B405 /* NoteFieldView.swift */; };
		51C95D9A2CD05A050054B405 /* DatePrepare.swift in Sources */ = {isa = PBXBuildFile; fileRef = 51C95D992CD05A050054B405 /* DatePrepare.swift */; };
		51C95D9C2CD060B90054B405 /* BigOverlayView.swift in Sources */ = {isa = PBXBuildFile; fileRef = 51C95D9B2CD060B90054B405 /* BigOverlayView.swift */; };
		51C95D9E2CD0617D0054B405 /* NoteOverlayView.swift in Sources */ = {isa = PBXBuildFile; fileRef = 51C95D9D2CD0617D0054B405 /* NoteOverlayView.swift */; };
		51C95DA02CD063120054B405 /* SmallOverlayView.swift in Sources */ = {isa = PBXBuildFile; fileRef = 51C95D9F2CD063120054B405 /* SmallOverlayView.swift */; };
/* End PBXBuildFile section */

/* Begin PBXFileReference section */
		511830C12CD12CED00DF918A /* NoteList.swift */ = {isa = PBXFileReference; lastKnownFileType = sourcecode.swift; path = NoteList.swift; sourceTree = "<group>"; };
		511830C32CD12D5100DF918A /* NoteEmptyStateView.swift */ = {isa = PBXFileReference; lastKnownFileType = sourcecode.swift; path = NoteEmptyStateView.swift; sourceTree = "<group>"; };
		516CACA92CCE3CA400762B0A /* ChartView.swift */ = {isa = PBXFileReference; lastKnownFileType = sourcecode.swift; path = ChartView.swift; sourceTree = "<group>"; };
		516CACAB2CCEF21400762B0A /* NoteView.swift */ = {isa = PBXFileReference; lastKnownFileType = sourcecode.swift; path = NoteView.swift; sourceTree = "<group>"; };
		516E7E9B2CCB6CE400741283 /* View+Placeholder.swift */ = {isa = PBXFileReference; lastKnownFileType = sourcecode.swift; path = "View+Placeholder.swift"; sourceTree = "<group>"; };
		516E7E9D2CCB736600741283 /* TextFieldView.swift */ = {isa = PBXFileReference; lastKnownFileType = sourcecode.swift; path = TextFieldView.swift; sourceTree = "<group>"; };
		516E7E9F2CCB77C600741283 /* DateFieldView.swift */ = {isa = PBXFileReference; lastKnownFileType = sourcecode.swift; path = DateFieldView.swift; sourceTree = "<group>"; };
		516E7EA12CCB990400741283 /* AddNewHeaderView.swift */ = {isa = PBXFileReference; lastKnownFileType = sourcecode.swift; path = AddNewHeaderView.swift; sourceTree = "<group>"; };
		516E7EA32CCB99EF00741283 /* AddNewButtonView.swift */ = {isa = PBXFileReference; lastKnownFileType = sourcecode.swift; path = AddNewButtonView.swift; sourceTree = "<group>"; };
		516E7EA72CCB9B6100741283 /* BackgroundType.swift */ = {isa = PBXFileReference; lastKnownFileType = sourcecode.swift; path = BackgroundType.swift; sourceTree = "<group>"; };
		516E7EA92CCB9D0400741283 /* Constants.swift */ = {isa = PBXFileReference; lastKnownFileType = sourcecode.swift; path = Constants.swift; sourceTree = "<group>"; };
		516E7EAB2CCBBB9400741283 /* MainFieldsView.swift */ = {isa = PBXFileReference; lastKnownFileType = sourcecode.swift; path = MainFieldsView.swift; sourceTree = "<group>"; };
		516E7EAD2CCBBCCD00741283 /* DateFields.swift */ = {isa = PBXFileReference; lastKnownFileType = sourcecode.swift; path = DateFields.swift; sourceTree = "<group>"; };
		516E7EB02CCBBF7700741283 /* en */ = {isa = PBXFileReference; lastKnownFileType = text.plist.strings; name = en; path = en.lproj/Localizable.strings; sourceTree = "<group>"; };
		516E7EB22CCBBFE000741283 /* String+Localized.swift */ = {isa = PBXFileReference; lastKnownFileType = sourcecode.swift; path = "String+Localized.swift"; sourceTree = "<group>"; };
		516E7EB42CCBC0A600741283 /* ru */ = {isa = PBXFileReference; lastKnownFileType = text.plist.strings; name = ru; path = ru.lproj/Localizable.strings; sourceTree = "<group>"; };
		516E7EB62CCBCED300741283 /* Measurement.swift */ = {isa = PBXFileReference; lastKnownFileType = sourcecode.swift; path = Measurement.swift; sourceTree = "<group>"; };
		516E7EC02CCBDC8600741283 /* PressureOverviewViewModel.swift */ = {isa = PBXFileReference; lastKnownFileType = sourcecode.swift; path = PressureOverviewViewModel.swift; sourceTree = "<group>"; };
		517014EA2CC8E1850058BC9F /* Blood pressure level.app */ = {isa = PBXFileReference; explicitFileType = wrapper.application; includeInIndex = 0; path = "Blood pressure level.app"; sourceTree = BUILT_PRODUCTS_DIR; };
		517014ED2CC8E1850058BC9F /* Blood_pressure_levelApp.swift */ = {isa = PBXFileReference; lastKnownFileType = sourcecode.swift; path = Blood_pressure_levelApp.swift; sourceTree = "<group>"; };
		517014EF2CC8E1850058BC9F /* PressureOverviewScreen.swift */ = {isa = PBXFileReference; lastKnownFileType = sourcecode.swift; path = PressureOverviewScreen.swift; sourceTree = "<group>"; };
		517014F12CC8E1860058BC9F /* Assets.xcassets */ = {isa = PBXFileReference; lastKnownFileType = folder.assetcatalog; path = Assets.xcassets; sourceTree = "<group>"; };
		517014F42CC8E1860058BC9F /* Preview Assets.xcassets */ = {isa = PBXFileReference; lastKnownFileType = folder.assetcatalog; path = "Preview Assets.xcassets"; sourceTree = "<group>"; };
		517014F62CC8E1860058BC9F /* Persistence.swift */ = {isa = PBXFileReference; lastKnownFileType = sourcecode.swift; path = Persistence.swift; sourceTree = "<group>"; };
		517014F92CC8E1860058BC9F /* Blood_pressure_level.xcdatamodel */ = {isa = PBXFileReference; lastKnownFileType = wrapper.xcdatamodel; path = Blood_pressure_level.xcdatamodel; sourceTree = "<group>"; };
		517015002CC92C0F0058BC9F /* PresentationPeriod.swift */ = {isa = PBXFileReference; lastKnownFileType = sourcecode.swift; path = PresentationPeriod.swift; sourceTree = "<group>"; };
		517015042CC930520058BC9F /* CustomSegmentContolView.swift */ = {isa = PBXFileReference; lastKnownFileType = sourcecode.swift; path = CustomSegmentContolView.swift; sourceTree = "<group>"; };
		517015092CC93A5C0058BC9F /* PresureOverviewHeaderView.swift */ = {isa = PBXFileReference; lastKnownFileType = sourcecode.swift; path = PresureOverviewHeaderView.swift; sourceTree = "<group>"; };
		517064BC2CCFA1F600641620 /* OverlaySelectionPresenter.swift */ = {isa = PBXFileReference; lastKnownFileType = sourcecode.swift; path = OverlaySelectionPresenter.swift; sourceTree = "<group>"; };
		517064BE2CCFC65500641620 /* PresureNoteHeader.swift */ = {isa = PBXFileReference; lastKnownFileType = sourcecode.swift; path = PresureNoteHeader.swift; sourceTree = "<group>"; };
		517738022CCD0332003CEC44 /* AddNewMeasurementViewModel.swift */ = {isa = PBXFileReference; lastKnownFileType = sourcecode.swift; path = AddNewMeasurementViewModel.swift; sourceTree = "<group>"; };
		517738042CCD0843003CEC44 /* DataStore.swift */ = {isa = PBXFileReference; lastKnownFileType = sourcecode.swift; path = DataStore.swift; sourceTree = "<group>"; };
		517738062CCD1421003CEC44 /* String+RemoveNotNumber.swift */ = {isa = PBXFileReference; lastKnownFileType = sourcecode.swift; path = "String+RemoveNotNumber.swift"; sourceTree = "<group>"; };
		517738082CCD40E7003CEC44 /* View+HideKeyboard.swift */ = {isa = PBXFileReference; lastKnownFileType = sourcecode.swift; path = "View+HideKeyboard.swift"; sourceTree = "<group>"; };
		5191C6282CCA1E8F00AD3403 /* PressureSummaryView.swift */ = {isa = PBXFileReference; lastKnownFileType = sourcecode.swift; path = PressureSummaryView.swift; sourceTree = "<group>"; };
		5191C62A2CCA1EFB00AD3403 /* PresureNoteView.swift */ = {isa = PBXFileReference; lastKnownFileType = sourcecode.swift; path = PresureNoteView.swift; sourceTree = "<group>"; };
		5191C62D2CCA308500AD3403 /* BackgroundView.swift */ = {isa = PBXFileReference; lastKnownFileType = sourcecode.swift; path = BackgroundView.swift; sourceTree = "<group>"; };
		5191C6322CCA693E00AD3403 /* OverlayTip.swift */ = {isa = PBXFileReference; lastKnownFileType = sourcecode.swift; path = OverlayTip.swift; sourceTree = "<group>"; };
		5191C6342CCA782300AD3403 /* Triangle.swift */ = {isa = PBXFileReference; lastKnownFileType = sourcecode.swift; path = Triangle.swift; sourceTree = "<group>"; };
		5191C6362CCA7A6F00AD3403 /* AddNewMeasurementScreen.swift */ = {isa = PBXFileReference; lastKnownFileType = sourcecode.swift; path = AddNewMeasurementScreen.swift; sourceTree = "<group>"; };
		51934F6F2CD04791003349F2 /* SelectedMeasurementsInfo.swift */ = {isa = PBXFileReference; lastKnownFileType = sourcecode.swift; path = SelectedMeasurementsInfo.swift; sourceTree = "<group>"; };
		51934F722CD080A9003349F2 /* RxRelay.swift */ = {isa = PBXFileReference; lastKnownFileType = sourcecode.swift; path = RxRelay.swift; sourceTree = "<group>"; };
		51934F742CD0817E003349F2 /* SubscriptionsManager.swift */ = {isa = PBXFileReference; lastKnownFileType = sourcecode.swift; path = SubscriptionsManager.swift; sourceTree = "<group>"; };
		51934F762CD08317003349F2 /* LICENSE.md */ = {isa = PBXFileReference; fileEncoding = 4; lastKnownFileType = net.daringfireball.markdown; path = LICENSE.md; sourceTree = "<group>"; };
		51C95D972CD0538B0054B405 /* NoteFieldView.swift */ = {isa = PBXFileReference; lastKnownFileType = sourcecode.swift; path = NoteFieldView.swift; sourceTree = "<group>"; };
		51C95D992CD05A050054B405 /* DatePrepare.swift */ = {isa = PBXFileReference; lastKnownFileType = sourcecode.swift; path = DatePrepare.swift; sourceTree = "<group>"; };
		51C95D9B2CD060B90054B405 /* BigOverlayView.swift */ = {isa = PBXFileReference; lastKnownFileType = sourcecode.swift; path = BigOverlayView.swift; sourceTree = "<group>"; };
		51C95D9D2CD0617D0054B405 /* NoteOverlayView.swift */ = {isa = PBXFileReference; lastKnownFileType = sourcecode.swift; path = NoteOverlayView.swift; sourceTree = "<group>"; };
		51C95D9F2CD063120054B405 /* SmallOverlayView.swift */ = {isa = PBXFileReference; lastKnownFileType = sourcecode.swift; path = SmallOverlayView.swift; sourceTree = "<group>"; };
/* End PBXFileReference section */

/* Begin PBXFrameworksBuildPhase section */
		517014E72CC8E1850058BC9F /* Frameworks */ = {
			isa = PBXFrameworksBuildPhase;
			buildActionMask = 2147483647;
			files = (
				516E7EBF2CCBDC4E00741283 /* RxSwift in Frameworks */,
				516E7EBD2CCBDC4E00741283 /* RxCocoa in Frameworks */,
			);
			runOnlyForDeploymentPostprocessing = 0;
		};
/* End PBXFrameworksBuildPhase section */

/* Begin PBXGroup section */
		511830BF2CD12BCB00DF918A /* Note */ = {
			isa = PBXGroup;
			children = (
				5191C62A2CCA1EFB00AD3403 /* PresureNoteView.swift */,
				517064BE2CCFC65500641620 /* PresureNoteHeader.swift */,
				511830C12CD12CED00DF918A /* NoteList.swift */,
				516CACAB2CCEF21400762B0A /* NoteView.swift */,
				511830C32CD12D5100DF918A /* NoteEmptyStateView.swift */,
			);
			path = Note;
			sourceTree = "<group>";
		};
		511830C02CD12BDF00DF918A /* Overlay */ = {
			isa = PBXGroup;
			children = (
				5191C6322CCA693E00AD3403 /* OverlayTip.swift */,
				517064BC2CCFA1F600641620 /* OverlaySelectionPresenter.swift */,
				51C95D9B2CD060B90054B405 /* BigOverlayView.swift */,
				51C95D9F2CD063120054B405 /* SmallOverlayView.swift */,
				51C95D9D2CD0617D0054B405 /* NoteOverlayView.swift */,
			);
			path = Overlay;
			sourceTree = "<group>";
		};
		516E7EA52CCB9B0E00741283 /* Screens */ = {
			isa = PBXGroup;
			children = (
				517015072CC939AB0058BC9F /* PressureOverviewScreen */,
				5191C6382CCA7A8E00AD3403 /* AddNewMeasurementScreen */,
			);
			path = Screens;
			sourceTree = "<group>";
		};
		516E7EA62CCB9B2000741283 /* Views */ = {
			isa = PBXGroup;
			children = (
				516E7EA12CCB990400741283 /* AddNewHeaderView.swift */,
				516E7EAB2CCBBB9400741283 /* MainFieldsView.swift */,
				516E7EAD2CCBBCCD00741283 /* DateFields.swift */,
				51C95D972CD0538B0054B405 /* NoteFieldView.swift */,
				516E7E9D2CCB736600741283 /* TextFieldView.swift */,
				516E7E9F2CCB77C600741283 /* DateFieldView.swift */,
				516E7EA32CCB99EF00741283 /* AddNewButtonView.swift */,
			);
			path = Views;
			sourceTree = "<group>";
		};
		516E7EB52CCBC2BF00741283 /* Extentions */ = {
			isa = PBXGroup;
			children = (
				516E7E9B2CCB6CE400741283 /* View+Placeholder.swift */,
				517738082CCD40E7003CEC44 /* View+HideKeyboard.swift */,
				516E7EB22CCBBFE000741283 /* String+Localized.swift */,
				517738062CCD1421003CEC44 /* String+RemoveNotNumber.swift */,
			);
			path = Extentions;
			sourceTree = "<group>";
		};
		516E7EB82CCBCEDA00741283 /* Model */ = {
			isa = PBXGroup;
			children = (
				516E7EB62CCBCED300741283 /* Measurement.swift */,
				51934F6F2CD04791003349F2 /* SelectedMeasurementsInfo.swift */,
			);
			path = Model;
			sourceTree = "<group>";
		};
		517014E12CC8E1850058BC9F = {
			isa = PBXGroup;
			children = (
				517014EC2CC8E1850058BC9F /* Blood pressure level */,
				517014EB2CC8E1850058BC9F /* Products */,
			);
			sourceTree = "<group>";
		};
		517014EB2CC8E1850058BC9F /* Products */ = {
			isa = PBXGroup;
			children = (
				517014EA2CC8E1850058BC9F /* Blood pressure level.app */,
			);
			name = Products;
			sourceTree = "<group>";
		};
		517014EC2CC8E1850058BC9F /* Blood pressure level */ = {
			isa = PBXGroup;
			children = (
				517014ED2CC8E1850058BC9F /* Blood_pressure_levelApp.swift */,
				516E7EB82CCBCEDA00741283 /* Model */,
				516E7EA52CCB9B0E00741283 /* Screens */,
				5191C62F2CCA410600AD3403 /* Helpers */,
				517014F12CC8E1860058BC9F /* Assets.xcassets */,
				517014F82CC8E1860058BC9F /* Blood_pressure_level.xcdatamodeld */,
				51934F762CD08317003349F2 /* LICENSE.md */,
				517014F32CC8E1860058BC9F /* Preview Content */,
			);
			path = "Blood pressure level";
			sourceTree = "<group>";
		};
		517014F32CC8E1860058BC9F /* Preview Content */ = {
			isa = PBXGroup;
			children = (
				517014F42CC8E1860058BC9F /* Preview Assets.xcassets */,
			);
			path = "Preview Content";
			sourceTree = "<group>";
		};
		517015062CC939900058BC9F /* Enums */ = {
			isa = PBXGroup;
			children = (
				516E7EA92CCB9D0400741283 /* Constants.swift */,
				517015002CC92C0F0058BC9F /* PresentationPeriod.swift */,
				516E7EA72CCB9B6100741283 /* BackgroundType.swift */,
			);
			path = Enums;
			sourceTree = "<group>";
		};
		517015072CC939AB0058BC9F /* PressureOverviewScreen */ = {
			isa = PBXGroup;
			children = (
				517014EF2CC8E1850058BC9F /* PressureOverviewScreen.swift */,
				5191C62C2CCA301300AD3403 /* Views */,
				516E7EC02CCBDC8600741283 /* PressureOverviewViewModel.swift */,
			);
			path = PressureOverviewScreen;
			sourceTree = "<group>";
		};
		5191C62C2CCA301300AD3403 /* Views */ = {
			isa = PBXGroup;
			children = (
				517015092CC93A5C0058BC9F /* PresureOverviewHeaderView.swift */,
				517015042CC930520058BC9F /* CustomSegmentContolView.swift */,
				5191C6282CCA1E8F00AD3403 /* PressureSummaryView.swift */,
				516CACA92CCE3CA400762B0A /* ChartView.swift */,
				511830BF2CD12BCB00DF918A /* Note */,
				511830C02CD12BDF00DF918A /* Overlay */,
			);
			path = Views;
			sourceTree = "<group>";
		};
		5191C62F2CCA410600AD3403 /* Helpers */ = {
			isa = PBXGroup;
			children = (
				51934F6E2CD015C9003349F2 /* Memory */,
				5191C62D2CCA308500AD3403 /* BackgroundView.swift */,
				5191C6342CCA782300AD3403 /* Triangle.swift */,
				51C95D992CD05A050054B405 /* DatePrepare.swift */,
				517015062CC939900058BC9F /* Enums */,
				516E7EB52CCBC2BF00741283 /* Extentions */,
				516E7EAF2CCBBF7700741283 /* Localizable.strings */,
				51934F782CD08496003349F2 /* RxSwift */,
			);
			path = Helpers;
			sourceTree = "<group>";
		};
		5191C6382CCA7A8E00AD3403 /* AddNewMeasurementScreen */ = {
			isa = PBXGroup;
			children = (
				5191C6362CCA7A6F00AD3403 /* AddNewMeasurementScreen.swift */,
				516E7EA62CCB9B2000741283 /* Views */,
				517738022CCD0332003CEC44 /* AddNewMeasurementViewModel.swift */,
			);
			path = AddNewMeasurementScreen;
			sourceTree = "<group>";
		};
		51934F6E2CD015C9003349F2 /* Memory */ = {
			isa = PBXGroup;
			children = (
				517738042CCD0843003CEC44 /* DataStore.swift */,
				517014F62CC8E1860058BC9F /* Persistence.swift */,
			);
			path = Memory;
			sourceTree = "<group>";
		};
		51934F782CD08496003349F2 /* RxSwift */ = {
			isa = PBXGroup;
			children = (
				51934F722CD080A9003349F2 /* RxRelay.swift */,
				51934F742CD0817E003349F2 /* SubscriptionsManager.swift */,
			);
			path = RxSwift;
			sourceTree = "<group>";
		};
/* End PBXGroup section */

/* Begin PBXNativeTarget section */
		517014E92CC8E1850058BC9F /* Blood pressure level */ = {
			isa = PBXNativeTarget;
			buildConfigurationList = 517014FD2CC8E1860058BC9F /* Build configuration list for PBXNativeTarget "Blood pressure level" */;
			buildPhases = (
				517014E62CC8E1850058BC9F /* Sources */,
				517014E72CC8E1850058BC9F /* Frameworks */,
				517014E82CC8E1850058BC9F /* Resources */,
			);
			buildRules = (
			);
			dependencies = (
			);
			name = "Blood pressure level";
			packageProductDependencies = (
				516E7EBC2CCBDC4E00741283 /* RxCocoa */,
				516E7EBE2CCBDC4E00741283 /* RxSwift */,
			);
			productName = "Blood pressure level";
			productReference = 517014EA2CC8E1850058BC9F /* Blood pressure level.app */;
			productType = "com.apple.product-type.application";
		};
/* End PBXNativeTarget section */

/* Begin PBXProject section */
		517014E22CC8E1850058BC9F /* Project object */ = {
			isa = PBXProject;
			attributes = {
				BuildIndependentTargetsInParallel = 1;
				LastSwiftUpdateCheck = 1540;
				LastUpgradeCheck = 1540;
				TargetAttributes = {
					517014E92CC8E1850058BC9F = {
						CreatedOnToolsVersion = 15.4;
					};
				};
			};
			buildConfigurationList = 517014E52CC8E1850058BC9F /* Build configuration list for PBXProject "Blood pressure level" */;
			compatibilityVersion = "Xcode 14.0";
			developmentRegion = en;
			hasScannedForEncodings = 0;
			knownRegions = (
				en,
				Base,
				ru,
			);
			mainGroup = 517014E12CC8E1850058BC9F;
			packageReferences = (
				516E7EBB2CCBDC4E00741283 /* XCLocalSwiftPackageReference "../../RxSwift-main" */,
				51934F712CD04953003349F2 /* XCRemoteSwiftPackageReference "SwiftLintPlugins" */,
			);
			productRefGroup = 517014EB2CC8E1850058BC9F /* Products */;
			projectDirPath = "";
			projectRoot = "";
			targets = (
				517014E92CC8E1850058BC9F /* Blood pressure level */,
			);
		};
/* End PBXProject section */

/* Begin PBXResourcesBuildPhase section */
		517014E82CC8E1850058BC9F /* Resources */ = {
			isa = PBXResourcesBuildPhase;
			buildActionMask = 2147483647;
			files = (
				517014F52CC8E1860058BC9F /* Preview Assets.xcassets in Resources */,
				516E7EB12CCBBF7700741283 /* Localizable.strings in Resources */,
				517014F22CC8E1860058BC9F /* Assets.xcassets in Resources */,
			);
			runOnlyForDeploymentPostprocessing = 0;
		};
/* End PBXResourcesBuildPhase section */

/* Begin PBXSourcesBuildPhase section */
		517014E62CC8E1850058BC9F /* Sources */ = {
			isa = PBXSourcesBuildPhase;
			buildActionMask = 2147483647;
			files = (
				5191C62E2CCA308500AD3403 /* BackgroundView.swift in Sources */,
				516E7EA22CCB990400741283 /* AddNewHeaderView.swift in Sources */,
				511830C22CD12CED00DF918A /* NoteList.swift in Sources */,
				517738032CCD0332003CEC44 /* AddNewMeasurementViewModel.swift in Sources */,
				516E7EB72CCBCED300741283 /* Measurement.swift in Sources */,
				516E7EAE2CCBBCCD00741283 /* DateFields.swift in Sources */,
				517738092CCD40E7003CEC44 /* View+HideKeyboard.swift in Sources */,
				5191C6352CCA782300AD3403 /* Triangle.swift in Sources */,
				51C95DA02CD063120054B405 /* SmallOverlayView.swift in Sources */,
				517014FA2CC8E1860058BC9F /* Blood_pressure_level.xcdatamodeld in Sources */,
				51C95D9C2CD060B90054B405 /* BigOverlayView.swift in Sources */,
				517738052CCD0843003CEC44 /* DataStore.swift in Sources */,
				517015012CC92C0F0058BC9F /* PresentationPeriod.swift in Sources */,
				517014F72CC8E1860058BC9F /* Persistence.swift in Sources */,
				51C95D9E2CD0617D0054B405 /* NoteOverlayView.swift in Sources */,
				5191C6372CCA7A6F00AD3403 /* AddNewMeasurementScreen.swift in Sources */,
				517014F02CC8E1850058BC9F /* PressureOverviewScreen.swift in Sources */,
				51C95D982CD0538B0054B405 /* NoteFieldView.swift in Sources */,
				5191C6292CCA1E8F00AD3403 /* PressureSummaryView.swift in Sources */,
				517738072CCD1421003CEC44 /* String+RemoveNotNumber.swift in Sources */,
				516CACAC2CCEF21400762B0A /* NoteView.swift in Sources */,
				516E7EA42CCB99EF00741283 /* AddNewButtonView.swift in Sources */,
				516E7E9C2CCB6CE400741283 /* View+Placeholder.swift in Sources */,
				5191C6332CCA693E00AD3403 /* OverlayTip.swift in Sources */,
				517014EE2CC8E1850058BC9F /* Blood_pressure_levelApp.swift in Sources */,
				516E7EA02CCB77C600741283 /* DateFieldView.swift in Sources */,
				511830C42CD12D5100DF918A /* NoteEmptyStateView.swift in Sources */,
				516E7EB32CCBBFE000741283 /* String+Localized.swift in Sources */,
				516E7E9E2CCB736600741283 /* TextFieldView.swift in Sources */,
				516E7EAC2CCBBB9400741283 /* MainFieldsView.swift in Sources */,
				516CACAA2CCE3CA400762B0A /* ChartView.swift in Sources */,
				516E7EAA2CCB9D0400741283 /* Constants.swift in Sources */,
				51934F732CD080A9003349F2 /* RxRelay.swift in Sources */,
				517064BD2CCFA1F600641620 /* OverlaySelectionPresenter.swift in Sources */,
				5170150A2CC93A5C0058BC9F /* PresureOverviewHeaderView.swift in Sources */,
				516E7EC12CCBDC8600741283 /* PressureOverviewViewModel.swift in Sources */,
				51C95D9A2CD05A050054B405 /* DatePrepare.swift in Sources */,
				5191C62B2CCA1EFB00AD3403 /* PresureNoteView.swift in Sources */,
				517064BF2CCFC65500641620 /* PresureNoteHeader.swift in Sources */,
				51934F752CD0817E003349F2 /* SubscriptionsManager.swift in Sources */,
				517015052CC930520058BC9F /* CustomSegmentContolView.swift in Sources */,
				516E7EA82CCB9B6100741283 /* BackgroundType.swift in Sources */,
				51934F702CD04791003349F2 /* SelectedMeasurementsInfo.swift in Sources */,
			);
			runOnlyForDeploymentPostprocessing = 0;
		};
/* End PBXSourcesBuildPhase section */

/* Begin PBXVariantGroup section */
		516E7EAF2CCBBF7700741283 /* Localizable.strings */ = {
			isa = PBXVariantGroup;
			children = (
				516E7EB02CCBBF7700741283 /* en */,
				516E7EB42CCBC0A600741283 /* ru */,
			);
			name = Localizable.strings;
			sourceTree = "<group>";
		};
/* End PBXVariantGroup section */

/* Begin XCBuildConfiguration section */
		517014FB2CC8E1860058BC9F /* Debug */ = {
			isa = XCBuildConfiguration;
			buildSettings = {
				ALWAYS_SEARCH_USER_PATHS = NO;
				ASSETCATALOG_COMPILER_GENERATE_SWIFT_ASSET_SYMBOL_EXTENSIONS = YES;
				CLANG_ANALYZER_LOCALIZABILITY_NONLOCALIZED = YES;
				CLANG_ANALYZER_NONNULL = YES;
				CLANG_ANALYZER_NUMBER_OBJECT_CONVERSION = YES_AGGRESSIVE;
				CLANG_CXX_LANGUAGE_STANDARD = "gnu++20";
				CLANG_ENABLE_MODULES = YES;
				CLANG_ENABLE_OBJC_ARC = YES;
				CLANG_ENABLE_OBJC_WEAK = YES;
				CLANG_WARN_BLOCK_CAPTURE_AUTORELEASING = YES;
				CLANG_WARN_BOOL_CONVERSION = YES;
				CLANG_WARN_COMMA = YES;
				CLANG_WARN_CONSTANT_CONVERSION = YES;
				CLANG_WARN_DEPRECATED_OBJC_IMPLEMENTATIONS = YES;
				CLANG_WARN_DIRECT_OBJC_ISA_USAGE = YES_ERROR;
				CLANG_WARN_DOCUMENTATION_COMMENTS = YES;
				CLANG_WARN_EMPTY_BODY = YES;
				CLANG_WARN_ENUM_CONVERSION = YES;
				CLANG_WARN_INFINITE_RECURSION = YES;
				CLANG_WARN_INT_CONVERSION = YES;
				CLANG_WARN_NON_LITERAL_NULL_CONVERSION = YES;
				CLANG_WARN_OBJC_IMPLICIT_RETAIN_SELF = YES;
				CLANG_WARN_OBJC_LITERAL_CONVERSION = YES;
				CLANG_WARN_OBJC_ROOT_CLASS = YES_ERROR;
				CLANG_WARN_QUOTED_INCLUDE_IN_FRAMEWORK_HEADER = YES;
				CLANG_WARN_RANGE_LOOP_ANALYSIS = YES;
				CLANG_WARN_STRICT_PROTOTYPES = YES;
				CLANG_WARN_SUSPICIOUS_MOVE = YES;
				CLANG_WARN_UNGUARDED_AVAILABILITY = YES_AGGRESSIVE;
				CLANG_WARN_UNREACHABLE_CODE = YES;
				CLANG_WARN__DUPLICATE_METHOD_MATCH = YES;
				COPY_PHASE_STRIP = NO;
				DEBUG_INFORMATION_FORMAT = dwarf;
				ENABLE_STRICT_OBJC_MSGSEND = YES;
				ENABLE_TESTABILITY = YES;
				ENABLE_USER_SCRIPT_SANDBOXING = YES;
				GCC_C_LANGUAGE_STANDARD = gnu17;
				GCC_DYNAMIC_NO_PIC = NO;
				GCC_NO_COMMON_BLOCKS = YES;
				GCC_OPTIMIZATION_LEVEL = 0;
				GCC_PREPROCESSOR_DEFINITIONS = (
					"DEBUG=1",
					"$(inherited)",
				);
				GCC_WARN_64_TO_32_BIT_CONVERSION = YES;
				GCC_WARN_ABOUT_RETURN_TYPE = YES_ERROR;
				GCC_WARN_UNDECLARED_SELECTOR = YES;
				GCC_WARN_UNINITIALIZED_AUTOS = YES_AGGRESSIVE;
				GCC_WARN_UNUSED_FUNCTION = YES;
				GCC_WARN_UNUSED_VARIABLE = YES;
				IPHONEOS_DEPLOYMENT_TARGET = 16.0;
				LOCALIZATION_PREFERS_STRING_CATALOGS = YES;
				MTL_ENABLE_DEBUG_INFO = INCLUDE_SOURCE;
				MTL_FAST_MATH = YES;
				ONLY_ACTIVE_ARCH = YES;
				SDKROOT = iphoneos;
				SWIFT_ACTIVE_COMPILATION_CONDITIONS = "DEBUG $(inherited)";
				SWIFT_OPTIMIZATION_LEVEL = "-Onone";
			};
			name = Debug;
		};
		517014FC2CC8E1860058BC9F /* Release */ = {
			isa = XCBuildConfiguration;
			buildSettings = {
				ALWAYS_SEARCH_USER_PATHS = NO;
				ASSETCATALOG_COMPILER_GENERATE_SWIFT_ASSET_SYMBOL_EXTENSIONS = YES;
				CLANG_ANALYZER_LOCALIZABILITY_NONLOCALIZED = YES;
				CLANG_ANALYZER_NONNULL = YES;
				CLANG_ANALYZER_NUMBER_OBJECT_CONVERSION = YES_AGGRESSIVE;
				CLANG_CXX_LANGUAGE_STANDARD = "gnu++20";
				CLANG_ENABLE_MODULES = YES;
				CLANG_ENABLE_OBJC_ARC = YES;
				CLANG_ENABLE_OBJC_WEAK = YES;
				CLANG_WARN_BLOCK_CAPTURE_AUTORELEASING = YES;
				CLANG_WARN_BOOL_CONVERSION = YES;
				CLANG_WARN_COMMA = YES;
				CLANG_WARN_CONSTANT_CONVERSION = YES;
				CLANG_WARN_DEPRECATED_OBJC_IMPLEMENTATIONS = YES;
				CLANG_WARN_DIRECT_OBJC_ISA_USAGE = YES_ERROR;
				CLANG_WARN_DOCUMENTATION_COMMENTS = YES;
				CLANG_WARN_EMPTY_BODY = YES;
				CLANG_WARN_ENUM_CONVERSION = YES;
				CLANG_WARN_INFINITE_RECURSION = YES;
				CLANG_WARN_INT_CONVERSION = YES;
				CLANG_WARN_NON_LITERAL_NULL_CONVERSION = YES;
				CLANG_WARN_OBJC_IMPLICIT_RETAIN_SELF = YES;
				CLANG_WARN_OBJC_LITERAL_CONVERSION = YES;
				CLANG_WARN_OBJC_ROOT_CLASS = YES_ERROR;
				CLANG_WARN_QUOTED_INCLUDE_IN_FRAMEWORK_HEADER = YES;
				CLANG_WARN_RANGE_LOOP_ANALYSIS = YES;
				CLANG_WARN_STRICT_PROTOTYPES = YES;
				CLANG_WARN_SUSPICIOUS_MOVE = YES;
				CLANG_WARN_UNGUARDED_AVAILABILITY = YES_AGGRESSIVE;
				CLANG_WARN_UNREACHABLE_CODE = YES;
				CLANG_WARN__DUPLICATE_METHOD_MATCH = YES;
				COPY_PHASE_STRIP = NO;
				DEBUG_INFORMATION_FORMAT = "dwarf-with-dsym";
				ENABLE_NS_ASSERTIONS = NO;
				ENABLE_STRICT_OBJC_MSGSEND = YES;
				ENABLE_USER_SCRIPT_SANDBOXING = YES;
				GCC_C_LANGUAGE_STANDARD = gnu17;
				GCC_NO_COMMON_BLOCKS = YES;
				GCC_WARN_64_TO_32_BIT_CONVERSION = YES;
				GCC_WARN_ABOUT_RETURN_TYPE = YES_ERROR;
				GCC_WARN_UNDECLARED_SELECTOR = YES;
				GCC_WARN_UNINITIALIZED_AUTOS = YES_AGGRESSIVE;
				GCC_WARN_UNUSED_FUNCTION = YES;
				GCC_WARN_UNUSED_VARIABLE = YES;
				IPHONEOS_DEPLOYMENT_TARGET = 16.0;
				LOCALIZATION_PREFERS_STRING_CATALOGS = YES;
				MTL_ENABLE_DEBUG_INFO = NO;
				MTL_FAST_MATH = YES;
				SDKROOT = iphoneos;
				SWIFT_COMPILATION_MODE = wholemodule;
				VALIDATE_PRODUCT = YES;
			};
			name = Release;
		};
		517014FE2CC8E1860058BC9F /* Debug */ = {
			isa = XCBuildConfiguration;
			buildSettings = {
				ASSETCATALOG_COMPILER_APPICON_NAME = AppIcon;
				ASSETCATALOG_COMPILER_GLOBAL_ACCENT_COLOR_NAME = AccentColor;
				CODE_SIGN_STYLE = Automatic;
				CURRENT_PROJECT_VERSION = 1;
				DEVELOPMENT_ASSET_PATHS = "\"Blood pressure level/Preview Content\"";
				DEVELOPMENT_TEAM = WLC984U9MC;
				ENABLE_PREVIEWS = YES;
				GENERATE_INFOPLIST_FILE = YES;
				INFOPLIST_KEY_UIApplicationSceneManifest_Generation = YES;
				INFOPLIST_KEY_UIApplicationSupportsIndirectInputEvents = YES;
				INFOPLIST_KEY_UILaunchScreen_Generation = YES;
				INFOPLIST_KEY_UISupportedInterfaceOrientations_iPad = "UIInterfaceOrientationPortrait UIInterfaceOrientationPortraitUpsideDown UIInterfaceOrientationLandscapeLeft UIInterfaceOrientationLandscapeRight";
				INFOPLIST_KEY_UISupportedInterfaceOrientations_iPhone = "UIInterfaceOrientationPortrait UIInterfaceOrientationLandscapeLeft UIInterfaceOrientationLandscapeRight";
				IPHONEOS_DEPLOYMENT_TARGET = 16.0;
				LD_RUNPATH_SEARCH_PATHS = (
					"$(inherited)",
					"@executable_path/Frameworks",
				);
				MARKETING_VERSION = 1.0;
				PRODUCT_BUNDLE_IDENTIFIER = "onlyMe.Blood-pressure-level";
				PRODUCT_NAME = "$(TARGET_NAME)";
				SUPPORTED_PLATFORMS = "iphoneos iphonesimulator";
				SUPPORTS_MACCATALYST = NO;
				SUPPORTS_MAC_DESIGNED_FOR_IPHONE_IPAD = NO;
				SUPPORTS_XR_DESIGNED_FOR_IPHONE_IPAD = NO;
				SWIFT_EMIT_LOC_STRINGS = YES;
				SWIFT_VERSION = 5.0;
				TARGETED_DEVICE_FAMILY = 1;
			};
			name = Debug;
		};
		517014FF2CC8E1860058BC9F /* Release */ = {
			isa = XCBuildConfiguration;
			buildSettings = {
				ASSETCATALOG_COMPILER_APPICON_NAME = AppIcon;
				ASSETCATALOG_COMPILER_GLOBAL_ACCENT_COLOR_NAME = AccentColor;
				CODE_SIGN_STYLE = Automatic;
				CURRENT_PROJECT_VERSION = 1;
				DEVELOPMENT_ASSET_PATHS = "\"Blood pressure level/Preview Content\"";
				DEVELOPMENT_TEAM = WLC984U9MC;
				ENABLE_PREVIEWS = YES;
				GENERATE_INFOPLIST_FILE = YES;
				INFOPLIST_KEY_UIApplicationSceneManifest_Generation = YES;
				INFOPLIST_KEY_UIApplicationSupportsIndirectInputEvents = YES;
				INFOPLIST_KEY_UILaunchScreen_Generation = YES;
				INFOPLIST_KEY_UISupportedInterfaceOrientations_iPad = "UIInterfaceOrientationPortrait UIInterfaceOrientationPortraitUpsideDown UIInterfaceOrientationLandscapeLeft UIInterfaceOrientationLandscapeRight";
				INFOPLIST_KEY_UISupportedInterfaceOrientations_iPhone = "UIInterfaceOrientationPortrait UIInterfaceOrientationLandscapeLeft UIInterfaceOrientationLandscapeRight";
				IPHONEOS_DEPLOYMENT_TARGET = 16.0;
				LD_RUNPATH_SEARCH_PATHS = (
					"$(inherited)",
					"@executable_path/Frameworks",
				);
				MARKETING_VERSION = 1.0;
				PRODUCT_BUNDLE_IDENTIFIER = "onlyMe.Blood-pressure-level";
				PRODUCT_NAME = "$(TARGET_NAME)";
				SUPPORTED_PLATFORMS = "iphoneos iphonesimulator";
				SUPPORTS_MACCATALYST = NO;
				SUPPORTS_MAC_DESIGNED_FOR_IPHONE_IPAD = NO;
				SUPPORTS_XR_DESIGNED_FOR_IPHONE_IPAD = NO;
				SWIFT_EMIT_LOC_STRINGS = YES;
				SWIFT_VERSION = 5.0;
				TARGETED_DEVICE_FAMILY = 1;
			};
			name = Release;
		};
/* End XCBuildConfiguration section */

/* Begin XCConfigurationList section */
		517014E52CC8E1850058BC9F /* Build configuration list for PBXProject "Blood pressure level" */ = {
			isa = XCConfigurationList;
			buildConfigurations = (
				517014FB2CC8E1860058BC9F /* Debug */,
				517014FC2CC8E1860058BC9F /* Release */,
			);
			defaultConfigurationIsVisible = 0;
			defaultConfigurationName = Release;
		};
		517014FD2CC8E1860058BC9F /* Build configuration list for PBXNativeTarget "Blood pressure level" */ = {
			isa = XCConfigurationList;
			buildConfigurations = (
				517014FE2CC8E1860058BC9F /* Debug */,
				517014FF2CC8E1860058BC9F /* Release */,
			);
			defaultConfigurationIsVisible = 0;
			defaultConfigurationName = Release;
		};
/* End XCConfigurationList section */

/* Begin XCLocalSwiftPackageReference section */
		516E7EBB2CCBDC4E00741283 /* XCLocalSwiftPackageReference "../../RxSwift-main" */ = {
			isa = XCLocalSwiftPackageReference;
			relativePath = "../../RxSwift-main";
		};
/* End XCLocalSwiftPackageReference section */

/* Begin XCRemoteSwiftPackageReference section */
		51934F712CD04953003349F2 /* XCRemoteSwiftPackageReference "SwiftLintPlugins" */ = {
			isa = XCRemoteSwiftPackageReference;
			repositoryURL = "https://github.com/SimplyDanny/SwiftLintPlugins";
			requirement = {
				kind = upToNextMajorVersion;
				minimumVersion = 0.57.0;
			};
		};
/* End XCRemoteSwiftPackageReference section */

/* Begin XCSwiftPackageProductDependency section */
		516E7EBC2CCBDC4E00741283 /* RxCocoa */ = {
			isa = XCSwiftPackageProductDependency;
			productName = RxCocoa;
		};
		516E7EBE2CCBDC4E00741283 /* RxSwift */ = {
			isa = XCSwiftPackageProductDependency;
			productName = RxSwift;
		};
/* End XCSwiftPackageProductDependency section */

/* Begin XCVersionGroup section */
		517014F82CC8E1860058BC9F /* Blood_pressure_level.xcdatamodeld */ = {
			isa = XCVersionGroup;
			children = (
				517014F92CC8E1860058BC9F /* Blood_pressure_level.xcdatamodel */,
			);
			currentVersion = 517014F92CC8E1860058BC9F /* Blood_pressure_level.xcdatamodel */;
			path = Blood_pressure_level.xcdatamodeld;
			sourceTree = "<group>";
			versionGroupType = wrapper.xcdatamodel;
		};
/* End XCVersionGroup section */
	};
	rootObject = 517014E22CC8E1850058BC9F /* Project object */;
}
